// !$*UTF8*$!
{
	archiveVersion = 1;
	classes = {
	};
	objectVersion = 50;
	objects = {

/* Begin PBXBuildFile section */
		0E9239C623B70152001CF576 /* AppDelegate.swift in Sources */ = {isa = PBXBuildFile; fileRef = 0E9239C523B70152001CF576 /* AppDelegate.swift */; };
		0E9239C823B70152001CF576 /* SceneDelegate.swift in Sources */ = {isa = PBXBuildFile; fileRef = 0E9239C723B70152001CF576 /* SceneDelegate.swift */; };
		0E9239CA23B70152001CF576 /* FeedVC.swift in Sources */ = {isa = PBXBuildFile; fileRef = 0E9239C923B70152001CF576 /* FeedVC.swift */; };
		0E9239CC23B70152001CF576 /* GroupsVC.swift in Sources */ = {isa = PBXBuildFile; fileRef = 0E9239CB23B70152001CF576 /* GroupsVC.swift */; };
		0E9239CF23B70152001CF576 /* Main.storyboard in Resources */ = {isa = PBXBuildFile; fileRef = 0E9239CD23B70152001CF576 /* Main.storyboard */; };
		0E9239D123B70154001CF576 /* Assets.xcassets in Resources */ = {isa = PBXBuildFile; fileRef = 0E9239D023B70154001CF576 /* Assets.xcassets */; };
		0E9239D423B70154001CF576 /* LaunchScreen.storyboard in Resources */ = {isa = PBXBuildFile; fileRef = 0E9239D223B70154001CF576 /* LaunchScreen.storyboard */; };
		0E9239E023B715A6001CF576 /* GoogleService-Info.plist in Resources */ = {isa = PBXBuildFile; fileRef = 0E9239DF23B715A5001CF576 /* GoogleService-Info.plist */; };
		0E9239E323B74F3C001CF576 /* DataService.swift in Sources */ = {isa = PBXBuildFile; fileRef = 0E9239E223B74F3C001CF576 /* DataService.swift */; };
		E9F6C6C8088ABFEBD19DE982 /* Pods_breakpoint.framework in Frameworks */ = {isa = PBXBuildFile; fileRef = D4581C4B2A909158A35C960C /* Pods_breakpoint.framework */; };
		F06320E423C03F3E006DDA79 /* AuthVC.swift in Sources */ = {isa = PBXBuildFile; fileRef = F06320E323C03F3E006DDA79 /* AuthVC.swift */; };
		F06320E623C03F55006DDA79 /* LoginVC.swift in Sources */ = {isa = PBXBuildFile; fileRef = F06320E523C03F55006DDA79 /* LoginVC.swift */; };
		F06320E823C03F70006DDA79 /* InsetTextField.swift in Sources */ = {isa = PBXBuildFile; fileRef = F06320E723C03F70006DDA79 /* InsetTextField.swift */; };
		F06320EA23C04906006DDA79 /* ShadowView.swift in Sources */ = {isa = PBXBuildFile; fileRef = F06320E923C04906006DDA79 /* ShadowView.swift */; };
		F06320EC23C05238006DDA79 /* AuthService.swift in Sources */ = {isa = PBXBuildFile; fileRef = F06320EB23C05238006DDA79 /* AuthService.swift */; };
/* End PBXBuildFile section */

/* Begin PBXFileReference section */
		0E9239C223B70152001CF576 /* breakpoint.app */ = {isa = PBXFileReference; explicitFileType = wrapper.application; includeInIndex = 0; path = breakpoint.app; sourceTree = BUILT_PRODUCTS_DIR; };
		0E9239C523B70152001CF576 /* AppDelegate.swift */ = {isa = PBXFileReference; lastKnownFileType = sourcecode.swift; path = AppDelegate.swift; sourceTree = "<group>"; };
		0E9239C723B70152001CF576 /* SceneDelegate.swift */ = {isa = PBXFileReference; lastKnownFileType = sourcecode.swift; path = SceneDelegate.swift; sourceTree = "<group>"; };
		0E9239C923B70152001CF576 /* FeedVC.swift */ = {isa = PBXFileReference; lastKnownFileType = sourcecode.swift; path = FeedVC.swift; sourceTree = "<group>"; };
		0E9239CB23B70152001CF576 /* GroupsVC.swift */ = {isa = PBXFileReference; lastKnownFileType = sourcecode.swift; path = GroupsVC.swift; sourceTree = "<group>"; };
		0E9239CE23B70152001CF576 /* Base */ = {isa = PBXFileReference; lastKnownFileType = file.storyboard; name = Base; path = Base.lproj/Main.storyboard; sourceTree = "<group>"; };
		0E9239D023B70154001CF576 /* Assets.xcassets */ = {isa = PBXFileReference; lastKnownFileType = folder.assetcatalog; path = Assets.xcassets; sourceTree = "<group>"; };
		0E9239D323B70154001CF576 /* Base */ = {isa = PBXFileReference; lastKnownFileType = file.storyboard; name = Base; path = Base.lproj/LaunchScreen.storyboard; sourceTree = "<group>"; };
		0E9239D523B70154001CF576 /* Info.plist */ = {isa = PBXFileReference; lastKnownFileType = text.plist.xml; path = Info.plist; sourceTree = "<group>"; };
		0E9239DF23B715A5001CF576 /* GoogleService-Info.plist */ = {isa = PBXFileReference; fileEncoding = 4; lastKnownFileType = text.plist.xml; path = "GoogleService-Info.plist"; sourceTree = "<group>"; };
		0E9239E223B74F3C001CF576 /* DataService.swift */ = {isa = PBXFileReference; lastKnownFileType = sourcecode.swift; path = DataService.swift; sourceTree = "<group>"; };
		5A43F35AA2F7BD9C9017D4A0 /* Pods-breakpoint.release.xcconfig */ = {isa = PBXFileReference; includeInIndex = 1; lastKnownFileType = text.xcconfig; name = "Pods-breakpoint.release.xcconfig"; path = "Pods/Target Support Files/Pods-breakpoint/Pods-breakpoint.release.xcconfig"; sourceTree = "<group>"; };
		81762E5492823A1F4B41C0BA /* Pods-breakpoint.debug.xcconfig */ = {isa = PBXFileReference; includeInIndex = 1; lastKnownFileType = text.xcconfig; name = "Pods-breakpoint.debug.xcconfig"; path = "Pods/Target Support Files/Pods-breakpoint/Pods-breakpoint.debug.xcconfig"; sourceTree = "<group>"; };
		D4581C4B2A909158A35C960C /* Pods_breakpoint.framework */ = {isa = PBXFileReference; explicitFileType = wrapper.framework; includeInIndex = 0; path = Pods_breakpoint.framework; sourceTree = BUILT_PRODUCTS_DIR; };
		F06320E323C03F3E006DDA79 /* AuthVC.swift */ = {isa = PBXFileReference; lastKnownFileType = sourcecode.swift; path = AuthVC.swift; sourceTree = "<group>"; };
		F06320E523C03F55006DDA79 /* LoginVC.swift */ = {isa = PBXFileReference; lastKnownFileType = sourcecode.swift; path = LoginVC.swift; sourceTree = "<group>"; };
		F06320E723C03F70006DDA79 /* InsetTextField.swift */ = {isa = PBXFileReference; lastKnownFileType = sourcecode.swift; path = InsetTextField.swift; sourceTree = "<group>"; };
		F06320E923C04906006DDA79 /* ShadowView.swift */ = {isa = PBXFileReference; lastKnownFileType = sourcecode.swift; path = ShadowView.swift; sourceTree = "<group>"; };
		F06320EB23C05238006DDA79 /* AuthService.swift */ = {isa = PBXFileReference; lastKnownFileType = sourcecode.swift; path = AuthService.swift; sourceTree = "<group>"; };
/* End PBXFileReference section */

/* Begin PBXFrameworksBuildPhase section */
		0E9239BF23B70152001CF576 /* Frameworks */ = {
			isa = PBXFrameworksBuildPhase;
			buildActionMask = 2147483647;
			files = (
				E9F6C6C8088ABFEBD19DE982 /* Pods_breakpoint.framework in Frameworks */,
			);
			runOnlyForDeploymentPostprocessing = 0;
		};
/* End PBXFrameworksBuildPhase section */

/* Begin PBXGroup section */
		0E9239B923B70152001CF576 = {
			isa = PBXGroup;
			children = (
				0E9239C423B70152001CF576 /* breakpoint */,
				0E9239C323B70152001CF576 /* Products */,
				68676B3BD9EF02928D97E581 /* Pods */,
				367CCAA73E72A181C6DE2FA9 /* Frameworks */,
			);
			sourceTree = "<group>";
		};
		0E9239C323B70152001CF576 /* Products */ = {
			isa = PBXGroup;
			children = (
				0E9239C223B70152001CF576 /* breakpoint.app */,
			);
			name = Products;
			sourceTree = "<group>";
		};
		0E9239C423B70152001CF576 /* breakpoint */ = {
			isa = PBXGroup;
			children = (
				0E9239E123B74DB5001CF576 /* Services */,
				0E9239DE23B702D8001CF576 /* Extensions */,
				0E9239DD23B702CD001CF576 /* Model */,
				0E9239DC23B701C6001CF576 /* View */,
				0E9239DB23B701AA001CF576 /* Controller */,
				0E9239C523B70152001CF576 /* AppDelegate.swift */,
				0E9239C723B70152001CF576 /* SceneDelegate.swift */,
				0E9239CD23B70152001CF576 /* Main.storyboard */,
				0E9239D023B70154001CF576 /* Assets.xcassets */,
				0E9239D223B70154001CF576 /* LaunchScreen.storyboard */,
				0E9239D523B70154001CF576 /* Info.plist */,
				0E9239DF23B715A5001CF576 /* GoogleService-Info.plist */,
			);
			path = breakpoint;
			sourceTree = "<group>";
		};
		0E9239DB23B701AA001CF576 /* Controller */ = {
			isa = PBXGroup;
			children = (
				0E9239C923B70152001CF576 /* FeedVC.swift */,
				0E9239CB23B70152001CF576 /* GroupsVC.swift */,
				F06320E323C03F3E006DDA79 /* AuthVC.swift */,
				F06320E523C03F55006DDA79 /* LoginVC.swift */,
			);
			name = Controller;
			sourceTree = "<group>";
		};
		0E9239DC23B701C6001CF576 /* View */ = {
			isa = PBXGroup;
			children = (
				F06320E723C03F70006DDA79 /* InsetTextField.swift */,
				F06320E923C04906006DDA79 /* ShadowView.swift */,
			);
			name = View;
			sourceTree = "<group>";
		};
		0E9239DD23B702CD001CF576 /* Model */ = {
			isa = PBXGroup;
			children = (
			);
			name = Model;
			sourceTree = "<group>";
		};
		0E9239DE23B702D8001CF576 /* Extensions */ = {
			isa = PBXGroup;
			children = (
			);
			name = Extensions;
			sourceTree = "<group>";
		};
		0E9239E123B74DB5001CF576 /* Services */ = {
			isa = PBXGroup;
			children = (
				0E9239E223B74F3C001CF576 /* DataService.swift */,
				F06320EB23C05238006DDA79 /* AuthService.swift */,
			);
			name = Services;
			sourceTree = "<group>";
		};
		367CCAA73E72A181C6DE2FA9 /* Frameworks */ = {
			isa = PBXGroup;
			children = (
				D4581C4B2A909158A35C960C /* Pods_breakpoint.framework */,
			);
			name = Frameworks;
			sourceTree = "<group>";
		};
		68676B3BD9EF02928D97E581 /* Pods */ = {
			isa = PBXGroup;
			children = (
				81762E5492823A1F4B41C0BA /* Pods-breakpoint.debug.xcconfig */,
				5A43F35AA2F7BD9C9017D4A0 /* Pods-breakpoint.release.xcconfig */,
			);
			name = Pods;
			sourceTree = "<group>";
		};
/* End PBXGroup section */

/* Begin PBXNativeTarget section */
		0E9239C123B70152001CF576 /* breakpoint */ = {
			isa = PBXNativeTarget;
			buildConfigurationList = 0E9239D823B70154001CF576 /* Build configuration list for PBXNativeTarget "breakpoint" */;
			buildPhases = (
				E48DADA852D125E80FA0A762 /* [CP] Check Pods Manifest.lock */,
				0E9239BE23B70152001CF576 /* Sources */,
				0E9239BF23B70152001CF576 /* Frameworks */,
				0E9239C023B70152001CF576 /* Resources */,
				71E452F710A742981454A970 /* [CP] Embed Pods Frameworks */,
			);
			buildRules = (
			);
			dependencies = (
			);
			name = breakpoint;
			productName = breakpoint;
			productReference = 0E9239C223B70152001CF576 /* breakpoint.app */;
			productType = "com.apple.product-type.application";
		};
/* End PBXNativeTarget section */

/* Begin PBXProject section */
		0E9239BA23B70152001CF576 /* Project object */ = {
			isa = PBXProject;
			attributes = {
				LastSwiftUpdateCheck = 1120;
				LastUpgradeCheck = 1120;
				ORGANIZATIONNAME = "Trinh Thai";
				TargetAttributes = {
					0E9239C123B70152001CF576 = {
						CreatedOnToolsVersion = 11.2.1;
					};
				};
			};
			buildConfigurationList = 0E9239BD23B70152001CF576 /* Build configuration list for PBXProject "breakpoint" */;
			compatibilityVersion = "Xcode 9.3";
			developmentRegion = en;
			hasScannedForEncodings = 0;
			knownRegions = (
				en,
				Base,
			);
			mainGroup = 0E9239B923B70152001CF576;
			productRefGroup = 0E9239C323B70152001CF576 /* Products */;
			projectDirPath = "";
			projectRoot = "";
			targets = (
				0E9239C123B70152001CF576 /* breakpoint */,
			);
		};
/* End PBXProject section */

/* Begin PBXResourcesBuildPhase section */
		0E9239C023B70152001CF576 /* Resources */ = {
			isa = PBXResourcesBuildPhase;
			buildActionMask = 2147483647;
			files = (
				0E9239D423B70154001CF576 /* LaunchScreen.storyboard in Resources */,
				0E9239D123B70154001CF576 /* Assets.xcassets in Resources */,
				0E9239CF23B70152001CF576 /* Main.storyboard in Resources */,
				0E9239E023B715A6001CF576 /* GoogleService-Info.plist in Resources */,
			);
			runOnlyForDeploymentPostprocessing = 0;
		};
/* End PBXResourcesBuildPhase section */

/* Begin PBXShellScriptBuildPhase section */
		71E452F710A742981454A970 /* [CP] Embed Pods Frameworks */ = {
			isa = PBXShellScriptBuildPhase;
			buildActionMask = 2147483647;
			files = (
			);
			inputPaths = (
				"${SRCROOT}/Pods/Target Support Files/Pods-breakpoint/Pods-breakpoint-frameworks.sh",
				"${BUILT_PRODUCTS_DIR}/GTMSessionFetcher/GTMSessionFetcher.framework",
				"${BUILT_PRODUCTS_DIR}/GoogleUtilities/GoogleUtilities.framework",
				"${BUILT_PRODUCTS_DIR}/leveldb-library/leveldb.framework",
				"${BUILT_PRODUCTS_DIR}/nanopb/nanopb.framework",
			);
			name = "[CP] Embed Pods Frameworks";
			outputPaths = (
				"${TARGET_BUILD_DIR}/${FRAMEWORKS_FOLDER_PATH}/GTMSessionFetcher.framework",
				"${TARGET_BUILD_DIR}/${FRAMEWORKS_FOLDER_PATH}/GoogleUtilities.framework",
				"${TARGET_BUILD_DIR}/${FRAMEWORKS_FOLDER_PATH}/leveldb.framework",
				"${TARGET_BUILD_DIR}/${FRAMEWORKS_FOLDER_PATH}/nanopb.framework",
			);
			runOnlyForDeploymentPostprocessing = 0;
			shellPath = /bin/sh;
			shellScript = "\"${SRCROOT}/Pods/Target Support Files/Pods-breakpoint/Pods-breakpoint-frameworks.sh\"\n";
			showEnvVarsInLog = 0;
		};
		E48DADA852D125E80FA0A762 /* [CP] Check Pods Manifest.lock */ = {
			isa = PBXShellScriptBuildPhase;
			buildActionMask = 2147483647;
			files = (
			);
			inputPaths = (
				"${PODS_PODFILE_DIR_PATH}/Podfile.lock",
				"${PODS_ROOT}/Manifest.lock",
			);
			name = "[CP] Check Pods Manifest.lock";
			outputPaths = (
				"$(DERIVED_FILE_DIR)/Pods-breakpoint-checkManifestLockResult.txt",
			);
			runOnlyForDeploymentPostprocessing = 0;
			shellPath = /bin/sh;
			shellScript = "diff \"${PODS_PODFILE_DIR_PATH}/Podfile.lock\" \"${PODS_ROOT}/Manifest.lock\" > /dev/null\nif [ $? != 0 ] ; then\n    # print error to STDERR\n    echo \"error: The sandbox is not in sync with the Podfile.lock. Run 'pod install' or update your CocoaPods installation.\" >&2\n    exit 1\nfi\n# This output is used by Xcode 'outputs' to avoid re-running this script phase.\necho \"SUCCESS\" > \"${SCRIPT_OUTPUT_FILE_0}\"\n";
			showEnvVarsInLog = 0;
		};
/* End PBXShellScriptBuildPhase section */

/* Begin PBXSourcesBuildPhase section */
		0E9239BE23B70152001CF576 /* Sources */ = {
			isa = PBXSourcesBuildPhase;
			buildActionMask = 2147483647;
			files = (
				F06320EA23C04906006DDA79 /* ShadowView.swift in Sources */,
				F06320E423C03F3E006DDA79 /* AuthVC.swift in Sources */,
				0E9239CC23B70152001CF576 /* GroupsVC.swift in Sources */,
				F06320E623C03F55006DDA79 /* LoginVC.swift in Sources */,
				F06320E823C03F70006DDA79 /* InsetTextField.swift in Sources */,
				0E9239CA23B70152001CF576 /* FeedVC.swift in Sources */,
				0E9239C623B70152001CF576 /* AppDelegate.swift in Sources */,
				F06320EC23C05238006DDA79 /* AuthService.swift in Sources */,
				0E9239C823B70152001CF576 /* SceneDelegate.swift in Sources */,
				0E9239E323B74F3C001CF576 /* DataService.swift in Sources */,
			);
			runOnlyForDeploymentPostprocessing = 0;
		};
/* End PBXSourcesBuildPhase section */

/* Begin PBXVariantGroup section */
		0E9239CD23B70152001CF576 /* Main.storyboard */ = {
			isa = PBXVariantGroup;
			children = (
				0E9239CE23B70152001CF576 /* Base */,
			);
			name = Main.storyboard;
			sourceTree = "<group>";
		};
		0E9239D223B70154001CF576 /* LaunchScreen.storyboard */ = {
			isa = PBXVariantGroup;
			children = (
				0E9239D323B70154001CF576 /* Base */,
			);
			name = LaunchScreen.storyboard;
			sourceTree = "<group>";
		};
/* End PBXVariantGroup section */

/* Begin XCBuildConfiguration section */
		0E9239D623B70154001CF576 /* Debug */ = {
			isa = XCBuildConfiguration;
			buildSettings = {
				ALWAYS_SEARCH_USER_PATHS = NO;
				CLANG_ANALYZER_NONNULL = YES;
				CLANG_ANALYZER_NUMBER_OBJECT_CONVERSION = YES_AGGRESSIVE;
				CLANG_CXX_LANGUAGE_STANDARD = "gnu++14";
				CLANG_CXX_LIBRARY = "libc++";
				CLANG_ENABLE_MODULES = YES;
				CLANG_ENABLE_OBJC_ARC = YES;
				CLANG_ENABLE_OBJC_WEAK = YES;
				CLANG_WARN_BLOCK_CAPTURE_AUTORELEASING = YES;
				CLANG_WARN_BOOL_CONVERSION = YES;
				CLANG_WARN_COMMA = YES;
				CLANG_WARN_CONSTANT_CONVERSION = YES;
				CLANG_WARN_DEPRECATED_OBJC_IMPLEMENTATIONS = YES;
				CLANG_WARN_DIRECT_OBJC_ISA_USAGE = YES_ERROR;
				CLANG_WARN_DOCUMENTATION_COMMENTS = YES;
				CLANG_WARN_EMPTY_BODY = YES;
				CLANG_WARN_ENUM_CONVERSION = YES;
				CLANG_WARN_INFINITE_RECURSION = YES;
				CLANG_WARN_INT_CONVERSION = YES;
				CLANG_WARN_NON_LITERAL_NULL_CONVERSION = YES;
				CLANG_WARN_OBJC_IMPLICIT_RETAIN_SELF = YES;
				CLANG_WARN_OBJC_LITERAL_CONVERSION = YES;
				CLANG_WARN_OBJC_ROOT_CLASS = YES_ERROR;
				CLANG_WARN_RANGE_LOOP_ANALYSIS = YES;
				CLANG_WARN_STRICT_PROTOTYPES = YES;
				CLANG_WARN_SUSPICIOUS_MOVE = YES;
				CLANG_WARN_UNGUARDED_AVAILABILITY = YES_AGGRESSIVE;
				CLANG_WARN_UNREACHABLE_CODE = YES;
				CLANG_WARN__DUPLICATE_METHOD_MATCH = YES;
				COPY_PHASE_STRIP = NO;
				DEBUG_INFORMATION_FORMAT = dwarf;
				ENABLE_STRICT_OBJC_MSGSEND = YES;
				ENABLE_TESTABILITY = YES;
				GCC_C_LANGUAGE_STANDARD = gnu11;
				GCC_DYNAMIC_NO_PIC = NO;
				GCC_NO_COMMON_BLOCKS = YES;
				GCC_OPTIMIZATION_LEVEL = 0;
				GCC_PREPROCESSOR_DEFINITIONS = (
					"DEBUG=1",
					"$(inherited)",
				);
				GCC_WARN_64_TO_32_BIT_CONVERSION = YES;
				GCC_WARN_ABOUT_RETURN_TYPE = YES_ERROR;
				GCC_WARN_UNDECLARED_SELECTOR = YES;
				GCC_WARN_UNINITIALIZED_AUTOS = YES_AGGRESSIVE;
				GCC_WARN_UNUSED_FUNCTION = YES;
				GCC_WARN_UNUSED_VARIABLE = YES;
				IPHONEOS_DEPLOYMENT_TARGET = 13.2;
				MTL_ENABLE_DEBUG_INFO = INCLUDE_SOURCE;
				MTL_FAST_MATH = YES;
				ONLY_ACTIVE_ARCH = YES;
				SDKROOT = iphoneos;
				SWIFT_ACTIVE_COMPILATION_CONDITIONS = DEBUG;
				SWIFT_OPTIMIZATION_LEVEL = "-Onone";
			};
			name = Debug;
		};
		0E9239D723B70154001CF576 /* Release */ = {
			isa = XCBuildConfiguration;
			buildSettings = {
				ALWAYS_SEARCH_USER_PATHS = NO;
				CLANG_ANALYZER_NONNULL = YES;
				CLANG_ANALYZER_NUMBER_OBJECT_CONVERSION = YES_AGGRESSIVE;
				CLANG_CXX_LANGUAGE_STANDARD = "gnu++14";
				CLANG_CXX_LIBRARY = "libc++";
				CLANG_ENABLE_MODULES = YES;
				CLANG_ENABLE_OBJC_ARC = YES;
				CLANG_ENABLE_OBJC_WEAK = YES;
				CLANG_WARN_BLOCK_CAPTURE_AUTORELEASING = YES;
				CLANG_WARN_BOOL_CONVERSION = YES;
				CLANG_WARN_COMMA = YES;
				CLANG_WARN_CONSTANT_CONVERSION = YES;
				CLANG_WARN_DEPRECATED_OBJC_IMPLEMENTATIONS = YES;
				CLANG_WARN_DIRECT_OBJC_ISA_USAGE = YES_ERROR;
				CLANG_WARN_DOCUMENTATION_COMMENTS = YES;
				CLANG_WARN_EMPTY_BODY = YES;
				CLANG_WARN_ENUM_CONVERSION = YES;
				CLANG_WARN_INFINITE_RECURSION = YES;
				CLANG_WARN_INT_CONVERSION = YES;
				CLANG_WARN_NON_LITERAL_NULL_CONVERSION = YES;
				CLANG_WARN_OBJC_IMPLICIT_RETAIN_SELF = YES;
				CLANG_WARN_OBJC_LITERAL_CONVERSION = YES;
				CLANG_WARN_OBJC_ROOT_CLASS = YES_ERROR;
				CLANG_WARN_RANGE_LOOP_ANALYSIS = YES;
				CLANG_WARN_STRICT_PROTOTYPES = YES;
				CLANG_WARN_SUSPICIOUS_MOVE = YES;
				CLANG_WARN_UNGUARDED_AVAILABILITY = YES_AGGRESSIVE;
				CLANG_WARN_UNREACHABLE_CODE = YES;
				CLANG_WARN__DUPLICATE_METHOD_MATCH = YES;
				COPY_PHASE_STRIP = NO;
				DEBUG_INFORMATION_FORMAT = "dwarf-with-dsym";
				ENABLE_NS_ASSERTIONS = NO;
				ENABLE_STRICT_OBJC_MSGSEND = YES;
				GCC_C_LANGUAGE_STANDARD = gnu11;
				GCC_NO_COMMON_BLOCKS = YES;
				GCC_WARN_64_TO_32_BIT_CONVERSION = YES;
				GCC_WARN_ABOUT_RETURN_TYPE = YES_ERROR;
				GCC_WARN_UNDECLARED_SELECTOR = YES;
				GCC_WARN_UNINITIALIZED_AUTOS = YES_AGGRESSIVE;
				GCC_WARN_UNUSED_FUNCTION = YES;
				GCC_WARN_UNUSED_VARIABLE = YES;
				IPHONEOS_DEPLOYMENT_TARGET = 13.2;
				MTL_ENABLE_DEBUG_INFO = NO;
				MTL_FAST_MATH = YES;
				SDKROOT = iphoneos;
				SWIFT_COMPILATION_MODE = wholemodule;
				SWIFT_OPTIMIZATION_LEVEL = "-O";
				VALIDATE_PRODUCT = YES;
			};
			name = Release;
		};
		0E9239D923B70154001CF576 /* Debug */ = {
			isa = XCBuildConfiguration;
			baseConfigurationReference = 81762E5492823A1F4B41C0BA /* Pods-breakpoint.debug.xcconfig */;
			buildSettings = {
				ASSETCATALOG_COMPILER_APPICON_NAME = AppIcon;
				CODE_SIGN_STYLE = Automatic;
				INFOPLIST_FILE = breakpoint/Info.plist;
				LD_RUNPATH_SEARCH_PATHS = (
					"$(inherited)",
					"@executable_path/Frameworks",
				);
				PRODUCT_BUNDLE_IDENTIFIER = TrinhThai.breakpoint;
				PRODUCT_NAME = "$(TARGET_NAME)";
				SWIFT_VERSION = 5.0;
				TARGETED_DEVICE_FAMILY = "1,2";
			};
			name = Debug;
		};
		0E9239DA23B70154001CF576 /* Release */ = {
			isa = XCBuildConfiguration;
			baseConfigurationReference = 5A43F35AA2F7BD9C9017D4A0 /* Pods-breakpoint.release.xcconfig */;
			buildSettings = {
				ASSETCATALOG_COMPILER_APPICON_NAME = AppIcon;
				CODE_SIGN_STYLE = Automatic;
				INFOPLIST_FILE = breakpoint/Info.plist;
				LD_RUNPATH_SEARCH_PATHS = (
					"$(inherited)",
					"@executable_path/Frameworks",
				);
				PRODUCT_BUNDLE_IDENTIFIER = TrinhThai.breakpoint;
				PRODUCT_NAME = "$(TARGET_NAME)";
				SWIFT_VERSION = 5.0;
				TARGETED_DEVICE_FAMILY = "1,2";
			};
			name = Release;
		};
/* End XCBuildConfiguration section */

/* Begin XCConfigurationList section */
		0E9239BD23B70152001CF576 /* Build configuration list for PBXProject "breakpoint" */ = {
			isa = XCConfigurationList;
			buildConfigurations = (
				0E9239D623B70154001CF576 /* Debug */,
				0E9239D723B70154001CF576 /* Release */,
			);
			defaultConfigurationIsVisible = 0;
			defaultConfigurationName = Release;
		};
		0E9239D823B70154001CF576 /* Build configuration list for PBXNativeTarget "breakpoint" */ = {
			isa = XCConfigurationList;
			buildConfigurations = (
				0E9239D923B70154001CF576 /* Debug */,
				0E9239DA23B70154001CF576 /* Release */,
			);
			defaultConfigurationIsVisible = 0;
			defaultConfigurationName = Release;
		};
/* End XCConfigurationList section */
	};
	rootObject = 0E9239BA23B70152001CF576 /* Project object */;
}
